{
  "version": 4,
  "terraform_version": "1.5.3",
  "serial": 9,
  "lineage": "b0085cfe-1d61-ecaf-b6b9-53380cb5d426",
  "outputs": {},
  "resources": [
    {
      "mode": "managed",
      "type": "aws_cloudwatch_log_group",
      "name": "this",
      "provider": "provider[\"registry.terraform.io/hashicorp/aws\"]",
      "instances": [
        {
          "schema_version": 0,
          "attributes": {
            "arn": "arn:aws:logs:ap-south-1:943180187168:log-group:/aws/codebuild/codepipeline-terraform-deployment",
            "id": "/aws/codebuild/codepipeline-terraform-deployment",
            "kms_key_id": "",
            "name": "/aws/codebuild/codepipeline-terraform-deployment",
            "name_prefix": "",
            "retention_in_days": 30,
            "skip_destroy": false,
            "tags": {},
            "tags_all": {}
          },
          "sensitive_attributes": [],
          "private": "bnVsbA=="
        }
      ]
    },
    {
      "mode": "managed",
      "type": "aws_codebuild_project",
      "name": "this",
      "provider": "provider[\"registry.terraform.io/hashicorp/aws\"]",
      "instances": [
        {
          "schema_version": 0,
          "attributes": {
            "arn": "arn:aws:codebuild:ap-south-1:943180187168:project/codepipeline-terraform-deployment",
            "artifacts": [
              {
                "artifact_identifier": "",
                "bucket_owner_access": "",
                "encryption_disabled": false,
                "location": "",
                "name": "codepipeline-terraform-deployment",
                "namespace_type": "",
                "override_artifact_name": false,
                "packaging": "NONE",
                "path": "",
                "type": "CODEPIPELINE"
              }
            ],
            "badge_enabled": false,
            "badge_url": "",
            "build_batch_config": [],
            "build_timeout": 60,
            "cache": [
              {
                "location": "",
                "modes": [],
                "type": "NO_CACHE"
              }
            ],
            "concurrent_build_limit": 0,
            "description": "",
            "encryption_key": "arn:aws:kms:ap-south-1:943180187168:alias/aws/s3",
            "environment": [
              {
                "certificate": "",
                "compute_type": "BUILD_GENERAL1_SMALL",
                "environment_variable": [],
                "image": "943180187168.dkr.ecr.ap-south-1.amazonaws.com/codepipeline-terraform-deployment:codebuild-image",
                "image_pull_credentials_type": "SERVICE_ROLE",
                "privileged_mode": false,
                "registry_credential": [],
                "type": "LINUX_CONTAINER"
              }
            ],
            "file_system_locations": [],
            "id": "arn:aws:codebuild:ap-south-1:943180187168:project/codepipeline-terraform-deployment",
            "logs_config": [
              {
                "cloudwatch_logs": [
                  {
                    "group_name": "/aws/codebuild/codepipeline-terraform-deployment",
                    "status": "ENABLED",
                    "stream_name": ""
                  }
                ],
                "s3_logs": [
                  {
                    "bucket_owner_access": "",
                    "encryption_disabled": false,
                    "location": "",
                    "status": "DISABLED"
                  }
                ]
              }
            ],
            "name": "codepipeline-terraform-deployment",
            "project_visibility": "PRIVATE",
            "public_project_alias": "",
            "queued_timeout": 480,
            "resource_access_role": "",
            "secondary_artifacts": [],
            "secondary_source_version": [],
            "secondary_sources": [],
            "service_role": "arn:aws:iam::943180187168:role/codepipeline-terraform-deployment-codebuild",
            "source": [
              {
                "build_status_config": [],
                "buildspec": "version: 0.2\r\n\r\nphases:\r\n  build:\r\n    on-failure: ABORT\r\n    commands:\r\n      - cd ${CODEBUILD_SRC_DIR}\r\n      - |-\r\n        if [ ${ACTION} = \"VALIDATE\" ] ; then\r\n\r\n          echo \"==== Running: Terraform Validate ====\"\r\n          terraform init\r\n          terraform validate\r\n\r\n          echo \"==== Running: TFLINT ====\"\r\n          tflint --init\r\n          tflint\r\n\r\n          echo \"==== Running: Checkov ====\"\r\n          checkov --framework terraform -d .\r\n\r\n          echo \"==== Running: TFSEC ====\"\r\n          tfsec .\r\n\r\n        elif [ ${ACTION} = \"PLAN\" ] ; then\r\n\r\n          echo \"==== Running: Terraform Plan ====\"\r\n          terraform init\r\n          terraform plan -out=tfplan -input=false -no-color\r\n          terraform show -json tfplan \u003e tfplan.json\r\n\r\n          echo \"==== Running: OPA ====\"\r\n          OPA_CHECK=$(opa exec --decision terraform/analysis/authz -b policy/ tfplan.json | jq -r \".result[] |.result\")\r\n          echo \"OPA Evaluation Check = $OPA_CHECK\"\r\n          if ! $OPA_CHECK; then\r\n            printf '%s\\n' \"OPA evaluation failed\" \u003e\u00262\r\n            exit 1\r\n          fi\r\n          \r\n        elif [ ${ACTION} = \"APPLY\" ] ; then\r\n\r\n          echo \"==== Running: Terraform Apply ====\"\r\n          terraform init\r\n          terraform apply -no-color -auto-approve tfplan\r\n\r\n        elif [ ${ACTION} = \"DESTROY\" ] ; then\r\n\r\n          echo \"==== Running: Terraform Destroy ====\"\r\n          terraform init\r\n          terraform destroy -no-color -auto-approve\r\n        fi\r\n\r\nartifacts:\r\n  files:\r\n    - \"**/*\"\r\n",
                "git_clone_depth": 0,
                "git_submodules_config": [],
                "insecure_ssl": false,
                "location": "",
                "report_build_status": false,
                "type": "CODEPIPELINE"
              }
            ],
            "source_version": "",
            "tags": null,
            "tags_all": {},
            "vpc_config": []
          },
          "sensitive_attributes": [],
          "private": "bnVsbA==",
          "dependencies": [
            "aws_cloudwatch_log_group.this",
            "aws_ecr_repository.this",
            "aws_iam_role.codebuild"
          ]
        }
      ]
    },
    {
      "mode": "managed",
      "type": "aws_codecommit_repository",
      "name": "this",
      "provider": "provider[\"registry.terraform.io/hashicorp/aws\"]",
      "instances": [
        {
          "schema_version": 0,
          "attributes": {
            "arn": "arn:aws:codecommit:ap-south-1:943180187168:codepipeline-terraform-deployment",
            "clone_url_http": "https://git-codecommit.ap-south-1.amazonaws.com/v1/repos/codepipeline-terraform-deployment",
            "clone_url_ssh": "ssh://git-codecommit.ap-south-1.amazonaws.com/v1/repos/codepipeline-terraform-deployment",
            "default_branch": null,
            "description": "",
            "id": "codepipeline-terraform-deployment",
            "repository_id": "3312789a-76e6-45ad-9eea-71d60cdbe43f",
            "repository_name": "codepipeline-terraform-deployment",
            "tags": {},
            "tags_all": {}
          },
          "sensitive_attributes": [],
          "private": "bnVsbA=="
        }
      ]
    },
    {
      "mode": "managed",
      "type": "aws_ecr_repository",
      "name": "this",
      "provider": "provider[\"registry.terraform.io/hashicorp/aws\"]",
      "instances": [
        {
          "schema_version": 0,
          "attributes": {
            "arn": "arn:aws:ecr:ap-south-1:943180187168:repository/codepipeline-terraform-deployment",
            "encryption_configuration": [
              {
                "encryption_type": "AES256",
                "kms_key": ""
              }
            ],
            "force_delete": null,
            "id": "codepipeline-terraform-deployment",
            "image_scanning_configuration": [
              {
                "scan_on_push": true
              }
            ],
            "image_tag_mutability": "IMMUTABLE",
            "name": "codepipeline-terraform-deployment",
            "registry_id": "943180187168",
            "repository_url": "943180187168.dkr.ecr.ap-south-1.amazonaws.com/codepipeline-terraform-deployment",
            "tags": {},
            "tags_all": {},
            "timeouts": null
          },
          "sensitive_attributes": [],
          "private": "eyJlMmJmYjczMC1lY2FhLTExZTYtOGY4OC0zNDM2M2JjN2M0YzAiOnsiZGVsZXRlIjoxMjAwMDAwMDAwMDAwfX0="
        }
      ]
    },
    {
      "mode": "managed",
      "type": "aws_iam_role",
      "name": "codebuild",
      "provider": "provider[\"registry.terraform.io/hashicorp/aws\"]",
      "instances": [
        {
          "schema_version": 0,
          "attributes": {
            "arn": "arn:aws:iam::943180187168:role/codepipeline-terraform-deployment-codebuild",
            "assume_role_policy": "{\"Statement\":[{\"Action\":\"sts:AssumeRole\",\"Effect\":\"Allow\",\"Principal\":{\"Service\":\"codebuild.amazonaws.com\"}}],\"Version\":\"2012-10-17\"}",
            "create_date": "2023-08-18T12:03:48Z",
            "description": "",
            "force_detach_policies": false,
            "id": "codepipeline-terraform-deployment-codebuild",
            "inline_policy": [],
            "managed_policy_arns": [
              "arn:aws:iam::aws:policy/AdministratorAccess"
            ],
            "max_session_duration": 3600,
            "name": "codepipeline-terraform-deployment-codebuild",
            "name_prefix": "",
            "path": "/",
            "permissions_boundary": null,
            "tags": {},
            "tags_all": {},
            "unique_id": "AROA5XGPLQYQABGHOFEAF"
          },
          "sensitive_attributes": [],
          "private": "bnVsbA=="
        }
      ]
    },
    {
      "mode": "managed",
      "type": "aws_iam_role_policy_attachment",
      "name": "codebuild",
      "provider": "provider[\"registry.terraform.io/hashicorp/aws\"]",
      "instances": [
        {
          "schema_version": 0,
          "attributes": {
            "id": "codepipeline-terraform-deployment-codebuild-20230818120323840600000001",
            "policy_arn": "arn:aws:iam::aws:policy/AdministratorAccess",
            "role": "codepipeline-terraform-deployment-codebuild"
          },
          "sensitive_attributes": [],
          "private": "bnVsbA==",
          "dependencies": [
            "aws_iam_role.codebuild"
          ]
        }
      ]
    }
  ],
  "check_results": null
}
