{
  "version": 4,
  "terraform_version": "1.5.3",
  "serial": 16,
  "lineage": "7de4d897-84c5-3e8c-73c6-1e46379a9f72",
  "outputs": {},
  "resources": [
    {
      "mode": "data",
      "type": "aws_iam_policy_document",
      "name": "codebuild",
      "provider": "provider[\"registry.terraform.io/hashicorp/aws\"]",
      "instances": [
        {
          "schema_version": 0,
          "attributes": {
            "id": "3760399024",
            "json": "{\n  \"Version\": \"2012-10-17\",\n  \"Statement\": [\n    {\n      \"Sid\": \"SSOCodebuildAllow\",\n      \"Effect\": \"Allow\",\n      \"Action\": [\n        \"ssm:*\",\n        \"s3:*\",\n        \"kms:*\"\n      ],\n      \"Resource\": \"*\"\n    },\n    {\n      \"Effect\": \"Allow\",\n      \"Action\": [\n        \"dynamodb:PutItem\",\n        \"dynamodb:ListTagsOfResource\",\n        \"dynamodb:GetItem\",\n        \"dynamodb:DescribeTimeToLive\",\n        \"dynamodb:DescribeTable\",\n        \"dynamodb:DescribeContinuousBackups\",\n        \"dynamodb:DeleteItem\"\n      ],\n      \"Resource\": \"*\"\n    },\n    {\n      \"Effect\": \"Allow\",\n      \"Action\": [\n        \"logs:PutLogEvents\",\n        \"logs:CreateLogStream\",\n        \"logs:CreateLogGroup\"\n      ],\n      \"Resource\": \"*\"\n    },\n    {\n      \"Effect\": \"Allow\",\n      \"Action\": [\n        \"sso:PutInlinePolicyToPermissionSet\",\n        \"sso:ProvisionPermissionSet\",\n        \"sso:ListTagsForResource\",\n        \"sso:ListInstances\",\n        \"sso:ListAccountAssignments\",\n        \"sso:GetInlinePolicyForPermissionSet\",\n        \"sso:DescribePermissionSetProvisioningStatus\",\n        \"sso:DescribePermissionSet\",\n        \"sso:DescribeAccountAssignmentDeletionStatus\",\n        \"sso:DescribeAccountAssignmentCreationStatus\",\n        \"sso:DeletePermissionSet\",\n        \"sso:DeleteInlinePolicyFromPermissionSet\",\n        \"sso:DeleteAccountAssignment\",\n        \"sso:CreatePermissionSet\",\n        \"sso:CreateAccountAssignment\"\n      ],\n      \"Resource\": \"*\"\n    },\n    {\n      \"Effect\": \"Allow\",\n      \"Action\": \"identitystore:ListGroups\",\n      \"Resource\": \"*\"\n    }\n  ]\n}",
            "override_policy_documents": null,
            "policy_id": null,
            "source_policy_documents": null,
            "statement": [
              {
                "actions": [
                  "kms:*",
                  "s3:*",
                  "ssm:*"
                ],
                "condition": [],
                "effect": "Allow",
                "not_actions": [],
                "not_principals": [],
                "not_resources": [],
                "principals": [],
                "resources": [
                  "*"
                ],
                "sid": "SSOCodebuildAllow"
              },
              {
                "actions": [
                  "dynamodb:DeleteItem",
                  "dynamodb:DescribeContinuousBackups",
                  "dynamodb:DescribeTable",
                  "dynamodb:DescribeTimeToLive",
                  "dynamodb:GetItem",
                  "dynamodb:ListTagsOfResource",
                  "dynamodb:PutItem"
                ],
                "condition": [],
                "effect": "Allow",
                "not_actions": [],
                "not_principals": [],
                "not_resources": [],
                "principals": [],
                "resources": [
                  "*"
                ],
                "sid": ""
              },
              {
                "actions": [
                  "logs:CreateLogGroup",
                  "logs:CreateLogStream",
                  "logs:PutLogEvents"
                ],
                "condition": [],
                "effect": "Allow",
                "not_actions": [],
                "not_principals": [],
                "not_resources": [],
                "principals": [],
                "resources": [
                  "*"
                ],
                "sid": ""
              },
              {
                "actions": [
                  "sso:CreateAccountAssignment",
                  "sso:CreatePermissionSet",
                  "sso:DeleteAccountAssignment",
                  "sso:DeleteInlinePolicyFromPermissionSet",
                  "sso:DeletePermissionSet",
                  "sso:DescribeAccountAssignmentCreationStatus",
                  "sso:DescribeAccountAssignmentDeletionStatus",
                  "sso:DescribePermissionSet",
                  "sso:DescribePermissionSetProvisioningStatus",
                  "sso:GetInlinePolicyForPermissionSet",
                  "sso:ListAccountAssignments",
                  "sso:ListInstances",
                  "sso:ListTagsForResource",
                  "sso:ProvisionPermissionSet",
                  "sso:PutInlinePolicyToPermissionSet"
                ],
                "condition": [],
                "effect": "Allow",
                "not_actions": [],
                "not_principals": [],
                "not_resources": [],
                "principals": [],
                "resources": [
                  "*"
                ],
                "sid": ""
              },
              {
                "actions": [
                  "identitystore:ListGroups"
                ],
                "condition": [],
                "effect": "Allow",
                "not_actions": [],
                "not_principals": [],
                "not_resources": [],
                "principals": [],
                "resources": [
                  "*"
                ],
                "sid": ""
              }
            ],
            "version": "2012-10-17"
          },
          "sensitive_attributes": []
        }
      ]
    },
    {
      "mode": "data",
      "type": "aws_iam_policy_document",
      "name": "codepipeline",
      "provider": "provider[\"registry.terraform.io/hashicorp/aws\"]",
      "instances": [
        {
          "schema_version": 0,
          "attributes": {
            "id": "3088616112",
            "json": "{\n  \"Version\": \"2012-10-17\",\n  \"Statement\": [\n    {\n      \"Sid\": \"SSOCodePipelineAllow\",\n      \"Effect\": \"Allow\",\n      \"Action\": \"s3:*\",\n      \"Resource\": \"*\"\n    },\n    {\n      \"Effect\": \"Allow\",\n      \"Action\": \"iam:PassRole\",\n      \"Resource\": \"arn:aws:iam::943180187168:role/CodeBuild_SSO_Permission_Sets_Provision_Role\"\n    },\n    {\n      \"Effect\": \"Allow\",\n      \"Action\": [\n        \"codecommit:UploadArchive\",\n        \"codecommit:List*\",\n        \"codecommit:GitPull\",\n        \"codecommit:GetBranch\",\n        \"codecommit:Get*\",\n        \"codecommit:Describe*\",\n        \"codecommit:BatchGet*\",\n        \"codecommit:BatchDescribe*\"\n      ],\n      \"Resource\": \"*\"\n    },\n    {\n      \"Effect\": \"Allow\",\n      \"Action\": [\n        \"codebuild:StopBuild\",\n        \"codebuild:StartBuild\",\n        \"codebuild:BatchGetBuilds\"\n      ],\n      \"Resource\": [\n        \"arn:aws:codebuild:ap-south-1:943180187168:project/codebuild2-apply\",\n        \"arn:aws:codebuild:ap-south-1:943180187168:project/codebuild-plan\"\n      ]\n    }\n  ]\n}",
            "override_policy_documents": null,
            "policy_id": null,
            "source_policy_documents": null,
            "statement": [
              {
                "actions": [
                  "s3:*"
                ],
                "condition": [],
                "effect": "Allow",
                "not_actions": [],
                "not_principals": [],
                "not_resources": [],
                "principals": [],
                "resources": [
                  "*"
                ],
                "sid": "SSOCodePipelineAllow"
              },
              {
                "actions": [
                  "iam:PassRole"
                ],
                "condition": [],
                "effect": "Allow",
                "not_actions": [],
                "not_principals": [],
                "not_resources": [],
                "principals": [],
                "resources": [
                  "arn:aws:iam::943180187168:role/CodeBuild_SSO_Permission_Sets_Provision_Role"
                ],
                "sid": ""
              },
              {
                "actions": [
                  "codecommit:BatchDescribe*",
                  "codecommit:BatchGet*",
                  "codecommit:Describe*",
                  "codecommit:Get*",
                  "codecommit:GetBranch",
                  "codecommit:GitPull",
                  "codecommit:List*",
                  "codecommit:UploadArchive"
                ],
                "condition": [],
                "effect": "Allow",
                "not_actions": [],
                "not_principals": [],
                "not_resources": [],
                "principals": [],
                "resources": [
                  "*"
                ],
                "sid": ""
              },
              {
                "actions": [
                  "codebuild:BatchGetBuilds",
                  "codebuild:StartBuild",
                  "codebuild:StopBuild"
                ],
                "condition": [],
                "effect": "Allow",
                "not_actions": [],
                "not_principals": [],
                "not_resources": [],
                "principals": [],
                "resources": [
                  "arn:aws:codebuild:ap-south-1:943180187168:project/codebuild-plan",
                  "arn:aws:codebuild:ap-south-1:943180187168:project/codebuild2-apply"
                ],
                "sid": ""
              }
            ],
            "version": "2012-10-17"
          },
          "sensitive_attributes": []
        }
      ]
    },
    {
      "mode": "managed",
      "type": "aws_codebuild_project",
      "name": "terraform_apply",
      "provider": "provider[\"registry.terraform.io/hashicorp/aws\"]",
      "instances": [
        {
          "schema_version": 0,
          "attributes": {
            "arn": "arn:aws:codebuild:ap-south-1:943180187168:project/codebuild2-apply",
            "artifacts": [
              {
                "artifact_identifier": "",
                "bucket_owner_access": "",
                "encryption_disabled": false,
                "location": "",
                "name": "codebuild2-apply",
                "namespace_type": "",
                "override_artifact_name": false,
                "packaging": "NONE",
                "path": "",
                "type": "CODEPIPELINE"
              }
            ],
            "badge_enabled": false,
            "badge_url": "",
            "build_batch_config": [],
            "build_timeout": 60,
            "cache": [
              {
                "location": "",
                "modes": [],
                "type": "NO_CACHE"
              }
            ],
            "concurrent_build_limit": 0,
            "description": "cbhbchbdhc",
            "encryption_key": "arn:aws:kms:ap-south-1:943180187168:alias/aws/s3",
            "environment": [
              {
                "certificate": "",
                "compute_type": "BUILD_GENERAL1_SMALL",
                "environment_variable": [],
                "image": "aws/codebuild/standard:5.0",
                "image_pull_credentials_type": "CODEBUILD",
                "privileged_mode": false,
                "registry_credential": [],
                "type": "LINUX_CONTAINER"
              }
            ],
            "file_system_locations": [],
            "id": "arn:aws:codebuild:ap-south-1:943180187168:project/codebuild2-apply",
            "logs_config": [
              {
                "cloudwatch_logs": [
                  {
                    "group_name": "",
                    "status": "ENABLED",
                    "stream_name": ""
                  }
                ],
                "s3_logs": [
                  {
                    "bucket_owner_access": "",
                    "encryption_disabled": false,
                    "location": "",
                    "status": "DISABLED"
                  }
                ]
              }
            ],
            "name": "codebuild2-apply",
            "project_visibility": "PRIVATE",
            "public_project_alias": "",
            "queued_timeout": 480,
            "resource_access_role": "",
            "secondary_artifacts": [],
            "secondary_source_version": [],
            "secondary_sources": [],
            "service_role": "arn:aws:iam::943180187168:role/CodeBuild_SSO_Permission_Sets_Provision_Role",
            "source": [
              {
                "build_status_config": [],
                "buildspec": "./terraform/buildspec-apply.yml",
                "git_clone_depth": 0,
                "git_submodules_config": [],
                "insecure_ssl": false,
                "location": "",
                "report_build_status": false,
                "type": "CODEPIPELINE"
              }
            ],
            "source_version": "",
            "tags": {
              "ManagedBy": "Terraform",
              "Project": "My Project"
            },
            "tags_all": {
              "ManagedBy": "Terraform",
              "Project": "My Project"
            },
            "vpc_config": []
          },
          "sensitive_attributes": [],
          "private": "bnVsbA==",
          "dependencies": [
            "aws_iam_role.codebuild",
            "data.aws_iam_policy_document.codebuild"
          ]
        }
      ]
    },
    {
      "mode": "managed",
      "type": "aws_codebuild_project",
      "name": "terraform_plan",
      "provider": "provider[\"registry.terraform.io/hashicorp/aws\"]",
      "instances": [
        {
          "schema_version": 0,
          "attributes": {
            "arn": "arn:aws:codebuild:ap-south-1:943180187168:project/codebuild-plan",
            "artifacts": [
              {
                "artifact_identifier": "",
                "bucket_owner_access": "",
                "encryption_disabled": false,
                "location": "",
                "name": "codebuild-plan",
                "namespace_type": "",
                "override_artifact_name": false,
                "packaging": "NONE",
                "path": "",
                "type": "CODEPIPELINE"
              }
            ],
            "badge_enabled": false,
            "badge_url": "",
            "build_batch_config": [],
            "build_timeout": 60,
            "cache": [
              {
                "location": "",
                "modes": [],
                "type": "NO_CACHE"
              }
            ],
            "concurrent_build_limit": 0,
            "description": "bhebhbhbh",
            "encryption_key": "arn:aws:kms:ap-south-1:943180187168:alias/aws/s3",
            "environment": [
              {
                "certificate": "",
                "compute_type": "BUILD_GENERAL1_SMALL",
                "environment_variable": [],
                "image": "aws/codebuild/standard:5.0",
                "image_pull_credentials_type": "CODEBUILD",
                "privileged_mode": false,
                "registry_credential": [],
                "type": "LINUX_CONTAINER"
              }
            ],
            "file_system_locations": [],
            "id": "arn:aws:codebuild:ap-south-1:943180187168:project/codebuild-plan",
            "logs_config": [
              {
                "cloudwatch_logs": [
                  {
                    "group_name": "",
                    "status": "ENABLED",
                    "stream_name": ""
                  }
                ],
                "s3_logs": [
                  {
                    "bucket_owner_access": "",
                    "encryption_disabled": false,
                    "location": "",
                    "status": "DISABLED"
                  }
                ]
              }
            ],
            "name": "codebuild-plan",
            "project_visibility": "PRIVATE",
            "public_project_alias": "",
            "queued_timeout": 480,
            "resource_access_role": "",
            "secondary_artifacts": [],
            "secondary_source_version": [],
            "secondary_sources": [],
            "service_role": "arn:aws:iam::943180187168:role/CodeBuild_SSO_Permission_Sets_Provision_Role",
            "source": [
              {
                "build_status_config": [],
                "buildspec": "./terraform/buildspec-plan.yml",
                "git_clone_depth": 0,
                "git_submodules_config": [],
                "insecure_ssl": false,
                "location": "",
                "report_build_status": false,
                "type": "CODEPIPELINE"
              }
            ],
            "source_version": "",
            "tags": {
              "ManagedBy": "Terraform",
              "Project": "My Project"
            },
            "tags_all": {
              "ManagedBy": "Terraform",
              "Project": "My Project"
            },
            "vpc_config": []
          },
          "sensitive_attributes": [],
          "private": "bnVsbA==",
          "dependencies": [
            "aws_iam_role.codebuild",
            "data.aws_iam_policy_document.codebuild"
          ]
        }
      ]
    },
    {
      "mode": "managed",
      "type": "aws_codepipeline",
      "name": "permission_sets_pipeline",
      "provider": "provider[\"registry.terraform.io/hashicorp/aws\"]",
      "instances": [
        {
          "schema_version": 0,
          "attributes": {
            "arn": "arn:aws:codepipeline:ap-south-1:943180187168:code2-pipeline",
            "artifact_store": [
              {
                "encryption_key": [],
                "location": "project-permission-sets-943180187168-codebuild-artifacts",
                "region": "",
                "type": "S3"
              }
            ],
            "id": "code2-pipeline",
            "name": "code2-pipeline",
            "role_arn": "arn:aws:iam::943180187168:role/CodePipeline_SSO_Permission_Sets_Provision_Role",
            "stage": [
              {
                "action": [
                  {
                    "category": "Source",
                    "configuration": {
                      "BranchName": "node2",
                      "PollForSourceChanges": "true",
                      "RepositoryName": "project-sso-permsets-configuration"
                    },
                    "input_artifacts": [],
                    "name": "Source",
                    "namespace": "",
                    "output_artifacts": [
                      "CodeWorkspace"
                    ],
                    "owner": "AWS",
                    "provider": "CodeCommit",
                    "region": "ap-south-1",
                    "role_arn": "",
                    "run_order": 1,
                    "version": "1"
                  }
                ],
                "name": "Clone"
              },
              {
                "action": [
                  {
                    "category": "Build",
                    "configuration": {
                      "EnvironmentVariables": "[{\"name\":\"PIPELINE_EXECUTION_ID\",\"type\":\"PLAINTEXT\",\"value\":\"#{codepipeline.PipelineExecutionId}\"}]",
                      "ProjectName": "codebuild-plan"
                    },
                    "input_artifacts": [
                      "CodeWorkspace"
                    ],
                    "name": "Terraform-Plan",
                    "namespace": "",
                    "output_artifacts": [
                      "TerraformPlanFile"
                    ],
                    "owner": "AWS",
                    "provider": "CodeBuild",
                    "region": "",
                    "role_arn": "",
                    "run_order": 1,
                    "version": "1"
                  }
                ],
                "name": "Plan"
              },
              {
                "action": [
                  {
                    "category": "Approval",
                    "configuration": {
                      "CustomData": "Please verify the terraform plan output on the Plan stage and only approve this step if you see expected changes!"
                    },
                    "input_artifacts": [],
                    "name": "AWS-Admin-Approval",
                    "namespace": "",
                    "output_artifacts": [],
                    "owner": "AWS",
                    "provider": "Manual",
                    "region": "",
                    "role_arn": "",
                    "run_order": 1,
                    "version": "1"
                  }
                ],
                "name": "Manual-Approval"
              },
              {
                "action": [
                  {
                    "category": "Build",
                    "configuration": {
                      "EnvironmentVariables": "[{\"name\":\"PIPELINE_EXECUTION_ID\",\"type\":\"PLAINTEXT\",\"value\":\"#{codepipeline.PipelineExecutionId}\"}]",
                      "PrimarySource": "CodeWorkspace",
                      "ProjectName": "codebuild2-apply"
                    },
                    "input_artifacts": [
                      "CodeWorkspace",
                      "TerraformPlanFile"
                    ],
                    "name": "Terraform-Apply",
                    "namespace": "",
                    "output_artifacts": [],
                    "owner": "AWS",
                    "provider": "CodeBuild",
                    "region": "",
                    "role_arn": "",
                    "run_order": 1,
                    "version": "1"
                  }
                ],
                "name": "Deploy"
              }
            ],
            "tags": {
              "ManagedBy": "Terraform",
              "Project": "My Project"
            },
            "tags_all": {
              "ManagedBy": "Terraform",
              "Project": "My Project"
            }
          },
          "sensitive_attributes": [],
          "private": "bnVsbA==",
          "dependencies": [
            "aws_codebuild_project.terraform_apply",
            "aws_codebuild_project.terraform_plan",
            "aws_iam_role.codebuild",
            "aws_iam_role.codepipeline",
            "aws_s3_bucket.artifacts",
            "data.aws_iam_policy_document.codebuild",
            "data.aws_iam_policy_document.codepipeline"
          ]
        }
      ]
    },
    {
      "mode": "managed",
      "type": "aws_iam_role",
      "name": "codebuild",
      "provider": "provider[\"registry.terraform.io/hashicorp/aws\"]",
      "instances": [
        {
          "schema_version": 0,
          "attributes": {
            "arn": "arn:aws:iam::943180187168:role/CodeBuild_SSO_Permission_Sets_Provision_Role",
            "assume_role_policy": "{\"Statement\":[{\"Action\":\"sts:AssumeRole\",\"Effect\":\"Allow\",\"Principal\":{\"Service\":\"codebuild.amazonaws.com\"}}],\"Version\":\"2012-10-17\"}",
            "create_date": "2023-08-17T05:25:59Z",
            "description": "CodeBuild Service Role",
            "force_detach_policies": false,
            "id": "CodeBuild_SSO_Permission_Sets_Provision_Role",
            "inline_policy": [
              {
                "name": "codebuild_execute_policy",
                "policy": "{\"Version\":\"2012-10-17\",\"Statement\":[{\"Action\":[\"ssm:*\",\"s3:*\",\"kms:*\"],\"Effect\":\"Allow\",\"Resource\":\"*\",\"Sid\":\"SSOCodebuildAllow\"},{\"Action\":[\"dynamodb:PutItem\",\"dynamodb:ListTagsOfResource\",\"dynamodb:GetItem\",\"dynamodb:DescribeTimeToLive\",\"dynamodb:DescribeTable\",\"dynamodb:DescribeContinuousBackups\",\"dynamodb:DeleteItem\"],\"Effect\":\"Allow\",\"Resource\":\"*\"},{\"Action\":[\"logs:PutLogEvents\",\"logs:CreateLogStream\",\"logs:CreateLogGroup\"],\"Effect\":\"Allow\",\"Resource\":\"*\"},{\"Action\":[\"sso:PutInlinePolicyToPermissionSet\",\"sso:ProvisionPermissionSet\",\"sso:ListTagsForResource\",\"sso:ListInstances\",\"sso:ListAccountAssignments\",\"sso:GetInlinePolicyForPermissionSet\",\"sso:DescribePermissionSetProvisioningStatus\",\"sso:DescribePermissionSet\",\"sso:DescribeAccountAssignmentDeletionStatus\",\"sso:DescribeAccountAssignmentCreationStatus\",\"sso:DeletePermissionSet\",\"sso:DeleteInlinePolicyFromPermissionSet\",\"sso:DeleteAccountAssignment\",\"sso:CreatePermissionSet\",\"sso:CreateAccountAssignment\"],\"Effect\":\"Allow\",\"Resource\":\"*\"},{\"Action\":\"identitystore:ListGroups\",\"Effect\":\"Allow\",\"Resource\":\"*\"}]}"
              }
            ],
            "managed_policy_arns": [
              "arn:aws:iam::aws:policy/AWSCodeBuildAdminAccess"
            ],
            "max_session_duration": 3600,
            "name": "CodeBuild_SSO_Permission_Sets_Provision_Role",
            "name_prefix": "",
            "path": "/",
            "permissions_boundary": null,
            "tags": {
              "ManagedBy": "Terraform",
              "Project": "My Project"
            },
            "tags_all": {
              "ManagedBy": "Terraform",
              "Project": "My Project"
            },
            "unique_id": "AROA5XGPLQYQMK4FW66L6"
          },
          "sensitive_attributes": [],
          "private": "bnVsbA==",
          "dependencies": [
            "data.aws_iam_policy_document.codebuild"
          ]
        }
      ]
    },
    {
      "mode": "managed",
      "type": "aws_iam_role",
      "name": "codepipeline",
      "provider": "provider[\"registry.terraform.io/hashicorp/aws\"]",
      "instances": [
        {
          "schema_version": 0,
          "attributes": {
            "arn": "arn:aws:iam::943180187168:role/CodePipeline_SSO_Permission_Sets_Provision_Role",
            "assume_role_policy": "{\"Statement\":[{\"Action\":\"sts:AssumeRole\",\"Effect\":\"Allow\",\"Principal\":{\"Service\":\"codepipeline.amazonaws.com\"}}],\"Version\":\"2012-10-17\"}",
            "create_date": "2023-08-17T05:26:17Z",
            "description": "CodePipeline Service Role ",
            "force_detach_policies": false,
            "id": "CodePipeline_SSO_Permission_Sets_Provision_Role",
            "inline_policy": [
              {
                "name": "codepipeline_execute_policy",
                "policy": "{\"Version\":\"2012-10-17\",\"Statement\":[{\"Action\":\"s3:*\",\"Effect\":\"Allow\",\"Resource\":\"*\",\"Sid\":\"SSOCodePipelineAllow\"},{\"Action\":\"iam:PassRole\",\"Effect\":\"Allow\",\"Resource\":\"arn:aws:iam::943180187168:role/CodeBuild_SSO_Permission_Sets_Provision_Role\"},{\"Action\":[\"codecommit:UploadArchive\",\"codecommit:List*\",\"codecommit:GitPull\",\"codecommit:GetBranch\",\"codecommit:Get*\",\"codecommit:Describe*\",\"codecommit:BatchGet*\",\"codecommit:BatchDescribe*\"],\"Effect\":\"Allow\",\"Resource\":\"*\"},{\"Action\":[\"codebuild:StopBuild\",\"codebuild:StartBuild\",\"codebuild:BatchGetBuilds\"],\"Effect\":\"Allow\",\"Resource\":[\"arn:aws:codebuild:ap-south-1:943180187168:project/codebuild2-apply\",\"arn:aws:codebuild:ap-south-1:943180187168:project/codebuild-plan\"]}]}"
              }
            ],
            "managed_policy_arns": [
              "arn:aws:iam::aws:policy/AWSCodeBuildAdminAccess"
            ],
            "max_session_duration": 3600,
            "name": "CodePipeline_SSO_Permission_Sets_Provision_Role",
            "name_prefix": "",
            "path": "/",
            "permissions_boundary": null,
            "tags": {
              "ManagedBy": "Terraform",
              "Project": "My Project"
            },
            "tags_all": {
              "ManagedBy": "Terraform",
              "Project": "My Project"
            },
            "unique_id": "AROA5XGPLQYQOMYJCWGMM"
          },
          "sensitive_attributes": [],
          "private": "bnVsbA==",
          "dependencies": [
            "aws_codebuild_project.terraform_apply",
            "aws_codebuild_project.terraform_plan",
            "aws_iam_role.codebuild",
            "data.aws_iam_policy_document.codebuild",
            "data.aws_iam_policy_document.codepipeline"
          ]
        }
      ]
    },
    {
      "mode": "managed",
      "type": "aws_s3_bucket",
      "name": "artifacts",
      "provider": "provider[\"registry.terraform.io/hashicorp/aws\"]",
      "instances": [
        {
          "schema_version": 0,
          "attributes": {
            "acceleration_status": "",
            "acl": "private",
            "arn": "arn:aws:s3:::project-permission-sets-943180187168-codebuild-artifacts",
            "bucket": "project-permission-sets-943180187168-codebuild-artifacts",
            "bucket_domain_name": "project-permission-sets-943180187168-codebuild-artifacts.s3.amazonaws.com",
            "bucket_prefix": "",
            "bucket_regional_domain_name": "project-permission-sets-943180187168-codebuild-artifacts.s3.ap-south-1.amazonaws.com",
            "cors_rule": [],
            "force_destroy": true,
            "grant": [
              {
                "id": "92001101f7b0017eb5ff40e5b1423444dc2ba1d94fcd6fcff4cc178bb8ccf921",
                "permissions": [
                  "FULL_CONTROL"
                ],
                "type": "CanonicalUser",
                "uri": ""
              }
            ],
            "hosted_zone_id": "Z11RGJOFQNVJUP",
            "id": "project-permission-sets-943180187168-codebuild-artifacts",
            "lifecycle_rule": [],
            "logging": [],
            "object_lock_configuration": [],
            "object_lock_enabled": false,
            "policy": "",
            "region": "ap-south-1",
            "replication_configuration": [],
            "request_payer": "BucketOwner",
            "server_side_encryption_configuration": [
              {
                "rule": [
                  {
                    "apply_server_side_encryption_by_default": [
                      {
                        "kms_master_key_id": "",
                        "sse_algorithm": "AES256"
                      }
                    ],
                    "bucket_key_enabled": false
                  }
                ]
              }
            ],
            "tags": {
              "ManagedBy": "Terraform",
              "Project": "My Project"
            },
            "tags_all": {
              "ManagedBy": "Terraform",
              "Project": "My Project"
            },
            "timeouts": null,
            "versioning": [
              {
                "enabled": false,
                "mfa_delete": false
              }
            ],
            "website": [],
            "website_domain": null,
            "website_endpoint": null
          },
          "sensitive_attributes": [],
          "private": "eyJlMmJmYjczMC1lY2FhLTExZTYtOGY4OC0zNDM2M2JjN2M0YzAiOnsiY3JlYXRlIjoxMjAwMDAwMDAwMDAwLCJkZWxldGUiOjM2MDAwMDAwMDAwMDAsInJlYWQiOjEyMDAwMDAwMDAwMDAsInVwZGF0ZSI6MTIwMDAwMDAwMDAwMH19"
        }
      ]
    },
    {
      "mode": "managed",
      "type": "aws_s3_bucket_public_access_block",
      "name": "s3Public_artifacts",
      "provider": "provider[\"registry.terraform.io/hashicorp/aws\"]",
      "instances": [
        {
          "schema_version": 0,
          "attributes": {
            "block_public_acls": true,
            "block_public_policy": true,
            "bucket": "project-permission-sets-943180187168-codebuild-artifacts",
            "id": "project-permission-sets-943180187168-codebuild-artifacts",
            "ignore_public_acls": true,
            "restrict_public_buckets": true
          },
          "sensitive_attributes": [],
          "private": "bnVsbA==",
          "dependencies": [
            "aws_s3_bucket.artifacts"
          ]
        }
      ]
    }
  ],
  "check_results": null
}
